<?xml version="1.0" encoding="UTF-8" standalone="yes" ?>
<CodeBlocks_project_file>
	<FileVersion major="1" minor="6" />
	<Project>
		<Option title="tp1-assignment" />
		<Option pch_mode="2" />
		<Option compiler="gcc" />
		<Build>
			<Target title="Debug">
				<Option output="bin/Debug/tp1-assignment" prefix_auto="1" extension_auto="1" />
				<Option object_output="obj/Debug/" />
				<Option type="1" />
				<Option compiler="gcc" />
				<Compiler>
					<Add option="-g" />
					<Add directory="include" />
					<Add directory="libraries/sql" />
				</Compiler>
				<Linker>
					<Add library="libraries/sql/libSQL.a" />
					<Add directory="libraries/sql" />
				</Linker>
			</Target>
			<Target title="Release">
				<Option output="bin/Release/tp1-assignment" prefix_auto="1" extension_auto="1" />
				<Option object_output="obj/Release/" />
				<Option type="1" />
				<Option compiler="gcc" />
				<Compiler>
					<Add option="-O2" />
					<Add directory="include/TU" />
					<Add directory="include/Controladores" />
					<Add directory="include/Stubs" />
					<Add directory="include" />
				</Compiler>
				<Linker>
					<Add option="-s" />
				</Linker>
			</Target>
		</Build>
		<Compiler>
			<Add option="-Wall" />
			<Add option="-fexceptions" />
			<Add directory="libraries/sql" />
			<Add directory="libraries/boost" />
		</Compiler>
		<Linker>
			<Add library="libraries/sql/libSQL.a" />
			<Add directory="libraries/sql" />
			<Add directory="libraries/boost" />
		</Linker>
		<Unit filename="include/Controladores.hpp" />
		<Unit filename="include/Controladores/CIFAutenticacao.hpp" />
		<Unit filename="include/Controladores/CIFConta.hpp" />
		<Unit filename="include/Controladores/CIFViagem.hpp" />
		<Unit filename="include/Dominios.hpp" />
		<Unit filename="include/Dominios/Avaliacao.hpp" />
		<Unit filename="include/Dominios/Codigo.hpp" />
		<Unit filename="include/Dominios/Data.hpp" />
		<Unit filename="include/Dominios/Dinheiro.hpp" />
		<Unit filename="include/Dominios/Duracao.hpp" />
		<Unit filename="include/Dominios/Horario.hpp" />
		<Unit filename="include/Dominios/Nome.hpp" />
		<Unit filename="include/Dominios/Senha.hpp" />
		<Unit filename="include/Entidades.hpp" />
		<Unit filename="include/Entidades/Atividade.hpp" />
		<Unit filename="include/Entidades/Conta.hpp" />
		<Unit filename="include/Entidades/Destino.hpp" />
		<Unit filename="include/Entidades/Hospedagem.hpp" />
		<Unit filename="include/Entidades/Viagem.hpp" />
		<Unit filename="include/Interfaces.hpp" />
		<Unit filename="include/Interfaces/IBAtividade.hpp" />
		<Unit filename="include/Interfaces/IBAutenticacao.hpp" />
		<Unit filename="include/Interfaces/IBConta.hpp" />
		<Unit filename="include/Interfaces/IBDestino.hpp" />
		<Unit filename="include/Interfaces/IBHospedagem.hpp" />
		<Unit filename="include/Interfaces/IBViagem.hpp" />
		<Unit filename="include/Interfaces/IFAtividade.hpp" />
		<Unit filename="include/Interfaces/IFAutenticacao.hpp" />
		<Unit filename="include/Interfaces/IFConta.hpp" />
		<Unit filename="include/Interfaces/IFDados.hpp" />
		<Unit filename="include/Interfaces/IFDestino.hpp" />
		<Unit filename="include/Interfaces/IFHospedagem.hpp" />
		<Unit filename="include/Interfaces/IFViagem.hpp" />
		<Unit filename="include/Stubs.hpp" />
		<Unit filename="include/Stubs/SBAutenticacao.hpp" />
		<Unit filename="include/Stubs/SBConta.hpp" />
		<Unit filename="include/Stubs/SBViagem.hpp" />
		<Unit filename="include/TU.hpp" />
		<Unit filename="include/TU/TUAtividade.hpp" />
		<Unit filename="include/TU/TUAvaliacao.hpp" />
		<Unit filename="include/TU/TUCodigo.hpp" />
		<Unit filename="include/TU/TUConta.hpp" />
		<Unit filename="include/TU/TUData.hpp" />
		<Unit filename="include/TU/TUDestino.hpp" />
		<Unit filename="include/TU/TUDinheiro.hpp" />
		<Unit filename="include/TU/TUDuracao.hpp" />
		<Unit filename="include/TU/TUHorario.hpp" />
		<Unit filename="include/TU/TUHospedagem.hpp" />
		<Unit filename="include/TU/TUNome.hpp" />
		<Unit filename="include/TU/TUSenha.hpp" />
		<Unit filename="include/TU/TUViagem.hpp" />
		<Unit filename="main.cpp" />
		<Unit filename="mainpage.dox" />
		<Unit filename="src/Controladores/CIFAutenticacao.cpp" />
		<Unit filename="src/Controladores/CIFConta.cpp" />
		<Unit filename="src/Controladores/CIFViagem.cpp" />
		<Unit filename="src/Dominios/Avaliacao.cpp" />
		<Unit filename="src/Dominios/Codigo.cpp" />
		<Unit filename="src/Dominios/Data.cpp" />
		<Unit filename="src/Dominios/Dinheiro.cpp" />
		<Unit filename="src/Dominios/Duracao.cpp" />
		<Unit filename="src/Dominios/Horario.cpp" />
		<Unit filename="src/Dominios/Nome.cpp" />
		<Unit filename="src/Dominios/Senha.cpp" />
		<Unit filename="src/Entidades/Atividade.cpp" />
		<Unit filename="src/Entidades/Conta.cpp" />
		<Unit filename="src/Entidades/Destino.cpp" />
		<Unit filename="src/Entidades/Hospedagem.cpp" />
		<Unit filename="src/Entidades/Viagem.cpp" />
		<Unit filename="src/Stubs/SBAutenticacao.cpp" />
		<Unit filename="src/Stubs/SBConta.cpp" />
		<Unit filename="src/Stubs/SBViagem.cpp" />
		<Unit filename="src/TU/TUAtividade.cpp" />
		<Unit filename="src/TU/TUAvaliacao.cpp" />
		<Unit filename="src/TU/TUCodigo.cpp" />
		<Unit filename="src/TU/TUConta.cpp" />
		<Unit filename="src/TU/TUData.cpp" />
		<Unit filename="src/TU/TUDestino.cpp" />
		<Unit filename="src/TU/TUDinheiro.cpp" />
		<Unit filename="src/TU/TUDuracao.cpp" />
		<Unit filename="src/TU/TUHorario.cpp" />
		<Unit filename="src/TU/TUHospedagem.cpp" />
		<Unit filename="src/TU/TUNome.cpp" />
		<Unit filename="src/TU/TUSenha.cpp" />
		<Unit filename="src/TU/TUViagem.cpp" />
		<Extensions>
			<lib_finder disable_auto="1" />
		</Extensions>
	</Project>
</CodeBlocks_project_file>
